{
    "_meta": {
        "hash": {
            "sha256": "ad7be2e196a52ee46a089dc1a10a02caab1fa8633065c362d784c34b2c23c2d4"
        },
        "pipfile-spec": 6,
        "requires": {
            "python_version": "3.6"
        },
        "sources": [
            {
                "name": "pypi",
                "url": "https://pypi.org/simple",
                "verify_ssl": true
            }
        ]
    },
    "default": {
        "django": {
            "hashes": [
                "sha256:83f234f52a86eb983de3616b8ff3b0368e4da1d975fa5449b08588b749e7946c",
                "sha256:e5a1d1a831c06475c708126c6a7e0ae0e67adac9d8a7c39cf0695ad79030b9d9"
            ],
            "index": "pypi",
            "version": "==1.9.6"
        },
        "django-extensions": {
            "hashes": [
                "sha256:7c33f1be6acf7414539cfdef2967bf6240d3c9317551b5d84622dff7824cd3c6",
                "sha256:ebdfc329207231f63b5ccb591407aadbc1a524af752e52690f0646eb7ff52943"
            ],
            "index": "pypi",
            "version": "==1.6.7"
        },
        "djangorestframework": {
            "hashes": [
                "sha256:4f47056ad798103fc9fb049dff8a67a91963bd215d31bad12ad72b891559ab16",
                "sha256:f606f2bb4e9bb320937cb6ccce299991b2d302f5cc705a671dffca491e55935c"
            ],
            "index": "pypi",
            "version": "==3.3.3"
        },
        "pyjwt": {
            "hashes": [
                "sha256:a16cab0651d99a196903e4652159837562f0453ee58bbad9eacc9d3b00feb019",
                "sha256:e1b2386cfad541445b1d43e480b02ca37ec57259fd1a23e79415b57ba5d8a694"
            ],
            "index": "pypi",
            "version": "==1.4.0"
        },
        "six": {
            "hashes": [
                "sha256:0ff78c403d9bccf5a425a6d31a12aa6b47f1c21ca4dc2573a7e2f32a97335eb1",
                "sha256:105f8d68616f8248e24bf0e9372ef04d3cc10104f1980f54d57b2ce73a5ad56a"
            ],
            "index": "pypi",
            "version": "==1.10.0"
        }
    },
    "develop": {}
}
